// !$*UTF8*$!
{
	archiveVersion = 1;
	classes = {
	};
	objectVersion = 50;
	objects = {

/* Begin PBXBuildFile section */
		2960049C2534A8F800973F45 /* AppDelegate.swift in Sources */ = {isa = PBXBuildFile; fileRef = 2960049B2534A8F800973F45 /* AppDelegate.swift */; };
		2960049E2534A8F800973F45 /* SceneDelegate.swift in Sources */ = {isa = PBXBuildFile; fileRef = 2960049D2534A8F800973F45 /* SceneDelegate.swift */; };
		296004A32534A8F800973F45 /* Main.storyboard in Resources */ = {isa = PBXBuildFile; fileRef = 296004A12534A8F800973F45 /* Main.storyboard */; };
		296004A62534A8F800973F45 /* Guidebook.xcdatamodeld in Sources */ = {isa = PBXBuildFile; fileRef = 296004A42534A8F800973F45 /* Guidebook.xcdatamodeld */; };
		296004A82534A8F800973F45 /* Assets.xcassets in Resources */ = {isa = PBXBuildFile; fileRef = 296004A72534A8F800973F45 /* Assets.xcassets */; };
		296004AB2534A8F800973F45 /* LaunchScreen.storyboard in Resources */ = {isa = PBXBuildFile; fileRef = 296004A92534A8F800973F45 /* LaunchScreen.storyboard */; };
		296004BA2534AA2600973F45 /* PlaceViewController.swift in Sources */ = {isa = PBXBuildFile; fileRef = 296004B92534AA2600973F45 /* PlaceViewController.swift */; };
		296004BD2534ABF100973F45 /* InfoViewController.swift in Sources */ = {isa = PBXBuildFile; fileRef = 296004BC2534ABF100973F45 /* InfoViewController.swift */; };
		296004C02534ABFA00973F45 /* MapViewController.swift in Sources */ = {isa = PBXBuildFile; fileRef = 296004BF2534ABFA00973F45 /* MapViewController.swift */; };
		296004C32534AC0100973F45 /* NotesViewController.swift in Sources */ = {isa = PBXBuildFile; fileRef = 296004C22534AC0100973F45 /* NotesViewController.swift */; };
		296004C72534AC8000973F45 /* Constants.swift in Sources */ = {isa = PBXBuildFile; fileRef = 296004C62534AC8000973F45 /* Constants.swift */; };
		296004CD2534ADC100973F45 /* LocationViewController.swift in Sources */ = {isa = PBXBuildFile; fileRef = 296004CC2534ADC000973F45 /* LocationViewController.swift */; };
		296004D42534AF5A00973F45 /* Place+CoreDataClass.swift in Sources */ = {isa = PBXBuildFile; fileRef = 296004D02534AF5A00973F45 /* Place+CoreDataClass.swift */; };
		296004D52534AF5A00973F45 /* Place+CoreDataProperties.swift in Sources */ = {isa = PBXBuildFile; fileRef = 296004D12534AF5A00973F45 /* Place+CoreDataProperties.swift */; };
		296004D62534AF5A00973F45 /* Note+CoreDataClass.swift in Sources */ = {isa = PBXBuildFile; fileRef = 296004D22534AF5A00973F45 /* Note+CoreDataClass.swift */; };
		296004D72534AF5A00973F45 /* Note+CoreDataProperties.swift in Sources */ = {isa = PBXBuildFile; fileRef = 296004D32534AF5A00973F45 /* Note+CoreDataProperties.swift */; };
		296004DA2534AFF800973F45 /* PreloadedData.json in Resources */ = {isa = PBXBuildFile; fileRef = 296004D92534AFF800973F45 /* PreloadedData.json */; };
		296004DE2534D2EA00973F45 /* PlaceTableViewCell.swift in Sources */ = {isa = PBXBuildFile; fileRef = 296004DD2534D2EA00973F45 /* PlaceTableViewCell.swift */; };
/* End PBXBuildFile section */

/* Begin PBXFileReference section */
		296004982534A8F800973F45 /* Guidebook.app */ = {isa = PBXFileReference; explicitFileType = wrapper.application; includeInIndex = 0; path = Guidebook.app; sourceTree = BUILT_PRODUCTS_DIR; };
		2960049B2534A8F800973F45 /* AppDelegate.swift */ = {isa = PBXFileReference; lastKnownFileType = sourcecode.swift; path = AppDelegate.swift; sourceTree = "<group>"; };
		2960049D2534A8F800973F45 /* SceneDelegate.swift */ = {isa = PBXFileReference; lastKnownFileType = sourcecode.swift; path = SceneDelegate.swift; sourceTree = "<group>"; };
		296004A22534A8F800973F45 /* Base */ = {isa = PBXFileReference; lastKnownFileType = file.storyboard; name = Base; path = Base.lproj/Main.storyboard; sourceTree = "<group>"; };
		296004A52534A8F800973F45 /* Guidebook.xcdatamodel */ = {isa = PBXFileReference; lastKnownFileType = wrapper.xcdatamodel; path = Guidebook.xcdatamodel; sourceTree = "<group>"; };
		296004A72534A8F800973F45 /* Assets.xcassets */ = {isa = PBXFileReference; lastKnownFileType = folder.assetcatalog; path = Assets.xcassets; sourceTree = "<group>"; };
		296004AA2534A8F800973F45 /* Base */ = {isa = PBXFileReference; lastKnownFileType = file.storyboard; name = Base; path = Base.lproj/LaunchScreen.storyboard; sourceTree = "<group>"; };
		296004AC2534A8F800973F45 /* Info.plist */ = {isa = PBXFileReference; lastKnownFileType = text.plist.xml; path = Info.plist; sourceTree = "<group>"; };
		296004B92534AA2600973F45 /* PlaceViewController.swift */ = {isa = PBXFileReference; lastKnownFileType = sourcecode.swift; path = PlaceViewController.swift; sourceTree = "<group>"; };
		296004BC2534ABF100973F45 /* InfoViewController.swift */ = {isa = PBXFileReference; lastKnownFileType = sourcecode.swift; path = InfoViewController.swift; sourceTree = "<group>"; };
		296004BF2534ABFA00973F45 /* MapViewController.swift */ = {isa = PBXFileReference; lastKnownFileType = sourcecode.swift; path = MapViewController.swift; sourceTree = "<group>"; };
		296004C22534AC0100973F45 /* NotesViewController.swift */ = {isa = PBXFileReference; lastKnownFileType = sourcecode.swift; path = NotesViewController.swift; sourceTree = "<group>"; };
		296004C62534AC8000973F45 /* Constants.swift */ = {isa = PBXFileReference; lastKnownFileType = sourcecode.swift; path = Constants.swift; sourceTree = "<group>"; };
		296004CC2534ADC000973F45 /* LocationViewController.swift */ = {isa = PBXFileReference; lastKnownFileType = sourcecode.swift; path = LocationViewController.swift; sourceTree = "<group>"; };
		296004D02534AF5A00973F45 /* Place+CoreDataClass.swift */ = {isa = PBXFileReference; lastKnownFileType = sourcecode.swift; path = "Place+CoreDataClass.swift"; sourceTree = "<group>"; };
		296004D12534AF5A00973F45 /* Place+CoreDataProperties.swift */ = {isa = PBXFileReference; lastKnownFileType = sourcecode.swift; path = "Place+CoreDataProperties.swift"; sourceTree = "<group>"; };
		296004D22534AF5A00973F45 /* Note+CoreDataClass.swift */ = {isa = PBXFileReference; lastKnownFileType = sourcecode.swift; path = "Note+CoreDataClass.swift"; sourceTree = "<group>"; };
		296004D32534AF5A00973F45 /* Note+CoreDataProperties.swift */ = {isa = PBXFileReference; lastKnownFileType = sourcecode.swift; path = "Note+CoreDataProperties.swift"; sourceTree = "<group>"; };
		296004D92534AFF800973F45 /* PreloadedData.json */ = {isa = PBXFileReference; fileEncoding = 4; lastKnownFileType = text.json; path = PreloadedData.json; sourceTree = "<group>"; };
		296004DD2534D2EA00973F45 /* PlaceTableViewCell.swift */ = {isa = PBXFileReference; lastKnownFileType = sourcecode.swift; path = PlaceTableViewCell.swift; sourceTree = "<group>"; };
/* End PBXFileReference section */

/* Begin PBXFrameworksBuildPhase section */
		296004952534A8F800973F45 /* Frameworks */ = {
			isa = PBXFrameworksBuildPhase;
			buildActionMask = 2147483647;
			files = (
			);
			runOnlyForDeploymentPostprocessing = 0;
		};
/* End PBXFrameworksBuildPhase section */

/* Begin PBXGroup section */
		2960048F2534A8F800973F45 = {
			isa = PBXGroup;
			children = (
				2960049A2534A8F800973F45 /* Guidebook */,
				296004992534A8F800973F45 /* Products */,
			);
			sourceTree = "<group>";
		};
		296004992534A8F800973F45 /* Products */ = {
			isa = PBXGroup;
			children = (
				296004982534A8F800973F45 /* Guidebook.app */,
			);
			name = Products;
			sourceTree = "<group>";
		};
		2960049A2534A8F800973F45 /* Guidebook */ = {
			isa = PBXGroup;
			children = (
				2960049B2534A8F800973F45 /* AppDelegate.swift */,
				2960049D2534A8F800973F45 /* SceneDelegate.swift */,
				296004B62534A93300973F45 /* Storyboards */,
				296004B52534A91900973F45 /* Models */,
				296004B42534A91400973F45 /* Views */,
				296004B32534A90300973F45 /* View Controllers */,
				296004B72534A94E00973F45 /* Data */,
				296004C52534AC6800973F45 /* Helpers */,
				296004A72534A8F800973F45 /* Assets.xcassets */,
				296004AC2534A8F800973F45 /* Info.plist */,
			);
			path = Guidebook;
			sourceTree = "<group>";
		};
		296004B32534A90300973F45 /* View Controllers */ = {
			isa = PBXGroup;
			children = (
				296004CC2534ADC000973F45 /* LocationViewController.swift */,
				296004B92534AA2600973F45 /* PlaceViewController.swift */,
				296004BC2534ABF100973F45 /* InfoViewController.swift */,
				296004BF2534ABFA00973F45 /* MapViewController.swift */,
				296004C22534AC0100973F45 /* NotesViewController.swift */,
			);
			path = "View Controllers";
			sourceTree = "<group>";
		};
		296004B42534A91400973F45 /* Views */ = {
			isa = PBXGroup;
			children = (
				296004DD2534D2EA00973F45 /* PlaceTableViewCell.swift */,
			);
			path = Views;
			sourceTree = "<group>";
		};
		296004B52534A91900973F45 /* Models */ = {
			isa = PBXGroup;
			children = (
				296004D02534AF5A00973F45 /* Place+CoreDataClass.swift */,
				296004D12534AF5A00973F45 /* Place+CoreDataProperties.swift */,
				296004D22534AF5A00973F45 /* Note+CoreDataClass.swift */,
				296004D32534AF5A00973F45 /* Note+CoreDataProperties.swift */,
			);
			path = Models;
			sourceTree = "<group>";
		};
		296004B62534A93300973F45 /* Storyboards */ = {
			isa = PBXGroup;
			children = (
				296004A12534A8F800973F45 /* Main.storyboard */,
				296004A92534A8F800973F45 /* LaunchScreen.storyboard */,
			);
			path = Storyboards;
			sourceTree = "<group>";
		};
		296004B72534A94E00973F45 /* Data */ = {
			isa = PBXGroup;
			children = (
				296004D92534AFF800973F45 /* PreloadedData.json */,
				296004A42534A8F800973F45 /* Guidebook.xcdatamodeld */,
			);
			path = Data;
			sourceTree = "<group>";
		};
		296004C52534AC6800973F45 /* Helpers */ = {
			isa = PBXGroup;
			children = (
				296004C62534AC8000973F45 /* Constants.swift */,
			);
			path = Helpers;
			sourceTree = "<group>";
		};
/* End PBXGroup section */

/* Begin PBXNativeTarget section */
		296004972534A8F800973F45 /* Guidebook */ = {
			isa = PBXNativeTarget;
			buildConfigurationList = 296004AF2534A8F800973F45 /* Build configuration list for PBXNativeTarget "Guidebook" */;
			buildPhases = (
				296004942534A8F800973F45 /* Sources */,
				296004952534A8F800973F45 /* Frameworks */,
				296004962534A8F800973F45 /* Resources */,
			);
			buildRules = (
			);
			dependencies = (
			);
			name = Guidebook;
			productName = Guidebook;
			productReference = 296004982534A8F800973F45 /* Guidebook.app */;
			productType = "com.apple.product-type.application";
		};
/* End PBXNativeTarget section */

/* Begin PBXProject section */
		296004902534A8F800973F45 /* Project object */ = {
			isa = PBXProject;
			attributes = {
				LastSwiftUpdateCheck = 1200;
				LastUpgradeCheck = 1200;
				TargetAttributes = {
					296004972534A8F800973F45 = {
						CreatedOnToolsVersion = 12.0;
					};
				};
			};
			buildConfigurationList = 296004932534A8F800973F45 /* Build configuration list for PBXProject "Guidebook" */;
			compatibilityVersion = "Xcode 9.3";
			developmentRegion = en;
			hasScannedForEncodings = 0;
			knownRegions = (
				en,
				Base,
			);
			mainGroup = 2960048F2534A8F800973F45;
			productRefGroup = 296004992534A8F800973F45 /* Products */;
			projectDirPath = "";
			projectRoot = "";
			targets = (
				296004972534A8F800973F45 /* Guidebook */,
			);
		};
/* End PBXProject section */

/* Begin PBXResourcesBuildPhase section */
		296004962534A8F800973F45 /* Resources */ = {
			isa = PBXResourcesBuildPhase;
			buildActionMask = 2147483647;
			files = (
				296004DA2534AFF800973F45 /* PreloadedData.json in Resources */,
				296004AB2534A8F800973F45 /* LaunchScreen.storyboard in Resources */,
				296004A82534A8F800973F45 /* Assets.xcassets in Resources */,
				296004A32534A8F800973F45 /* Main.storyboard in Resources */,
			);
			runOnlyForDeploymentPostprocessing = 0;
		};
/* End PBXResourcesBuildPhase section */

/* Begin PBXSourcesBuildPhase section */
		296004942534A8F800973F45 /* Sources */ = {
			isa = PBXSourcesBuildPhase;
			buildActionMask = 2147483647;
			files = (
				2960049C2534A8F800973F45 /* AppDelegate.swift in Sources */,
				2960049E2534A8F800973F45 /* SceneDelegate.swift in Sources */,
				296004BA2534AA2600973F45 /* PlaceViewController.swift in Sources */,
				296004DE2534D2EA00973F45 /* PlaceTableViewCell.swift in Sources */,
				296004D72534AF5A00973F45 /* Note+CoreDataProperties.swift in Sources */,
				296004C32534AC0100973F45 /* NotesViewController.swift in Sources */,
				296004BD2534ABF100973F45 /* InfoViewController.swift in Sources */,
				296004D52534AF5A00973F45 /* Place+CoreDataProperties.swift in Sources */,
				296004D42534AF5A00973F45 /* Place+CoreDataClass.swift in Sources */,
				296004A62534A8F800973F45 /* Guidebook.xcdatamodeld in Sources */,
				296004CD2534ADC100973F45 /* LocationViewController.swift in Sources */,
				296004D62534AF5A00973F45 /* Note+CoreDataClass.swift in Sources */,
				296004C02534ABFA00973F45 /* MapViewController.swift in Sources */,
				296004C72534AC8000973F45 /* Constants.swift in Sources */,
			);
			runOnlyForDeploymentPostprocessing = 0;
		};
/* End PBXSourcesBuildPhase section */

/* Begin PBXVariantGroup section */
		296004A12534A8F800973F45 /* Main.storyboard */ = {
			isa = PBXVariantGroup;
			children = (
				296004A22534A8F800973F45 /* Base */,
			);
			name = Main.storyboard;
			sourceTree = "<group>";
		};
		296004A92534A8F800973F45 /* LaunchScreen.storyboard */ = {
			isa = PBXVariantGroup;
			children = (
				296004AA2534A8F800973F45 /* Base */,
			);
			name = LaunchScreen.storyboard;
			sourceTree = "<group>";
		};
/* End PBXVariantGroup section */

/* Begin XCBuildConfiguration section */
		296004AD2534A8F800973F45 /* Debug */ = {
			isa = XCBuildConfiguration;
			buildSettings = {
				ALWAYS_SEARCH_USER_PATHS = NO;
				CLANG_ANALYZER_NONNULL = YES;
				CLANG_ANALYZER_NUMBER_OBJECT_CONVERSION = YES_AGGRESSIVE;
				CLANG_CXX_LANGUAGE_STANDARD = "gnu++14";
				CLANG_CXX_LIBRARY = "libc++";
				CLANG_ENABLE_MODULES = YES;
				CLANG_ENABLE_OBJC_ARC = YES;
				CLANG_ENABLE_OBJC_WEAK = YES;
				CLANG_WARN_BLOCK_CAPTURE_AUTORELEASING = YES;
				CLANG_WARN_BOOL_CONVERSION = YES;
				CLANG_WARN_COMMA = YES;
				CLANG_WARN_CONSTANT_CONVERSION = YES;
				CLANG_WARN_DEPRECATED_OBJC_IMPLEMENTATIONS = YES;
				CLANG_WARN_DIRECT_OBJC_ISA_USAGE = YES_ERROR;
				CLANG_WARN_DOCUMENTATION_COMMENTS = YES;
				CLANG_WARN_EMPTY_BODY = YES;
				CLANG_WARN_ENUM_CONVERSION = YES;
				CLANG_WARN_INFINITE_RECURSION = YES;
				CLANG_WARN_INT_CONVERSION = YES;
				CLANG_WARN_NON_LITERAL_NULL_CONVERSION = YES;
				CLANG_WARN_OBJC_IMPLICIT_RETAIN_SELF = YES;
				CLANG_WARN_OBJC_LITERAL_CONVERSION = YES;
				CLANG_WARN_OBJC_ROOT_CLASS = YES_ERROR;
				CLANG_WARN_QUOTED_INCLUDE_IN_FRAMEWORK_HEADER = YES;
				CLANG_WARN_RANGE_LOOP_ANALYSIS = YES;
				CLANG_WARN_STRICT_PROTOTYPES = YES;
				CLANG_WARN_SUSPICIOUS_MOVE = YES;
				CLANG_WARN_UNGUARDED_AVAILABILITY = YES_AGGRESSIVE;
				CLANG_WARN_UNREACHABLE_CODE = YES;
				CLANG_WARN__DUPLICATE_METHOD_MATCH = YES;
				COPY_PHASE_STRIP = NO;
				DEBUG_INFORMATION_FORMAT = dwarf;
				ENABLE_STRICT_OBJC_MSGSEND = YES;
				ENABLE_TESTABILITY = YES;
				GCC_C_LANGUAGE_STANDARD = gnu11;
				GCC_DYNAMIC_NO_PIC = NO;
				GCC_NO_COMMON_BLOCKS = YES;
				GCC_OPTIMIZATION_LEVEL = 0;
				GCC_PREPROCESSOR_DEFINITIONS = (
					"DEBUG=1",
					"$(inherited)",
				);
				GCC_WARN_64_TO_32_BIT_CONVERSION = YES;
				GCC_WARN_ABOUT_RETURN_TYPE = YES_ERROR;
				GCC_WARN_UNDECLARED_SELECTOR = YES;
				GCC_WARN_UNINITIALIZED_AUTOS = YES_AGGRESSIVE;
				GCC_WARN_UNUSED_FUNCTION = YES;
				GCC_WARN_UNUSED_VARIABLE = YES;
				IPHONEOS_DEPLOYMENT_TARGET = 14.0;
				MTL_ENABLE_DEBUG_INFO = INCLUDE_SOURCE;
				MTL_FAST_MATH = YES;
				ONLY_ACTIVE_ARCH = YES;
				SDKROOT = iphoneos;
				SWIFT_ACTIVE_COMPILATION_CONDITIONS = DEBUG;
				SWIFT_OPTIMIZATION_LEVEL = "-Onone";
			};
			name = Debug;
		};
		296004AE2534A8F800973F45 /* Release */ = {
			isa = XCBuildConfiguration;
			buildSettings = {
				ALWAYS_SEARCH_USER_PATHS = NO;
				CLANG_ANALYZER_NONNULL = YES;
				CLANG_ANALYZER_NUMBER_OBJECT_CONVERSION = YES_AGGRESSIVE;
				CLANG_CXX_LANGUAGE_STANDARD = "gnu++14";
				CLANG_CXX_LIBRARY = "libc++";
				CLANG_ENABLE_MODULES = YES;
				CLANG_ENABLE_OBJC_ARC = YES;
				CLANG_ENABLE_OBJC_WEAK = YES;
				CLANG_WARN_BLOCK_CAPTURE_AUTORELEASING = YES;
				CLANG_WARN_BOOL_CONVERSION = YES;
				CLANG_WARN_COMMA = YES;
				CLANG_WARN_CONSTANT_CONVERSION = YES;
				CLANG_WARN_DEPRECATED_OBJC_IMPLEMENTATIONS = YES;
				CLANG_WARN_DIRECT_OBJC_ISA_USAGE = YES_ERROR;
				CLANG_WARN_DOCUMENTATION_COMMENTS = YES;
				CLANG_WARN_EMPTY_BODY = YES;
				CLANG_WARN_ENUM_CONVERSION = YES;
				CLANG_WARN_INFINITE_RECURSION = YES;
				CLANG_WARN_INT_CONVERSION = YES;
				CLANG_WARN_NON_LITERAL_NULL_CONVERSION = YES;
				CLANG_WARN_OBJC_IMPLICIT_RETAIN_SELF = YES;
				CLANG_WARN_OBJC_LITERAL_CONVERSION = YES;
				CLANG_WARN_OBJC_ROOT_CLASS = YES_ERROR;
				CLANG_WARN_QUOTED_INCLUDE_IN_FRAMEWORK_HEADER = YES;
				CLANG_WARN_RANGE_LOOP_ANALYSIS = YES;
				CLANG_WARN_STRICT_PROTOTYPES = YES;
				CLANG_WARN_SUSPICIOUS_MOVE = YES;
				CLANG_WARN_UNGUARDED_AVAILABILITY = YES_AGGRESSIVE;
				CLANG_WARN_UNREACHABLE_CODE = YES;
				CLANG_WARN__DUPLICATE_METHOD_MATCH = YES;
				COPY_PHASE_STRIP = NO;
				DEBUG_INFORMATION_FORMAT = "dwarf-with-dsym";
				ENABLE_NS_ASSERTIONS = NO;
				ENABLE_STRICT_OBJC_MSGSEND = YES;
				GCC_C_LANGUAGE_STANDARD = gnu11;
				GCC_NO_COMMON_BLOCKS = YES;
				GCC_WARN_64_TO_32_BIT_CONVERSION = YES;
				GCC_WARN_ABOUT_RETURN_TYPE = YES_ERROR;
				GCC_WARN_UNDECLARED_SELECTOR = YES;
				GCC_WARN_UNINITIALIZED_AUTOS = YES_AGGRESSIVE;
				GCC_WARN_UNUSED_FUNCTION = YES;
				GCC_WARN_UNUSED_VARIABLE = YES;
				IPHONEOS_DEPLOYMENT_TARGET = 14.0;
				MTL_ENABLE_DEBUG_INFO = NO;
				MTL_FAST_MATH = YES;
				SDKROOT = iphoneos;
				SWIFT_COMPILATION_MODE = wholemodule;
				SWIFT_OPTIMIZATION_LEVEL = "-O";
				VALIDATE_PRODUCT = YES;
			};
			name = Release;
		};
		296004B02534A8F800973F45 /* Debug */ = {
			isa = XCBuildConfiguration;
			buildSettings = {
				ASSETCATALOG_COMPILER_APPICON_NAME = AppIcon;
				ASSETCATALOG_COMPILER_GLOBAL_ACCENT_COLOR_NAME = AccentColor;
				CODE_SIGN_STYLE = Automatic;
				DEVELOPMENT_TEAM = SE96QQ4Q6G;
				INFOPLIST_FILE = Guidebook/Info.plist;
				LD_RUNPATH_SEARCH_PATHS = (
					"$(inherited)",
					"@executable_path/Frameworks",
				);
				PRODUCT_BUNDLE_IDENTIFIER = com.JohnKouris.Guidebook;
				PRODUCT_NAME = "$(TARGET_NAME)";
				SWIFT_VERSION = 5.0;
				TARGETED_DEVICE_FAMILY = "1,2";
			};
			name = Debug;
		};
		296004B12534A8F800973F45 /* Release */ = {
			isa = XCBuildConfiguration;
			buildSettings = {
				ASSETCATALOG_COMPILER_APPICON_NAME = AppIcon;
				ASSETCATALOG_COMPILER_GLOBAL_ACCENT_COLOR_NAME = AccentColor;
				CODE_SIGN_STYLE = Automatic;
				DEVELOPMENT_TEAM = SE96QQ4Q6G;
				INFOPLIST_FILE = Guidebook/Info.plist;
				LD_RUNPATH_SEARCH_PATHS = (
					"$(inherited)",
					"@executable_path/Frameworks",
				);
				PRODUCT_BUNDLE_IDENTIFIER = com.JohnKouris.Guidebook;
				PRODUCT_NAME = "$(TARGET_NAME)";
				SWIFT_VERSION = 5.0;
				TARGETED_DEVICE_FAMILY = "1,2";
			};
			name = Release;
		};
/* End XCBuildConfiguration section */

/* Begin XCConfigurationList section */
		296004932534A8F800973F45 /* Build configuration list for PBXProject "Guidebook" */ = {
			isa = XCConfigurationList;
			buildConfigurations = (
				296004AD2534A8F800973F45 /* Debug */,
				296004AE2534A8F800973F45 /* Release */,
			);
			defaultConfigurationIsVisible = 0;
			defaultConfigurationName = Release;
		};
		296004AF2534A8F800973F45 /* Build configuration list for PBXNativeTarget "Guidebook" */ = {
			isa = XCConfigurationList;
			buildConfigurations = (
				296004B02534A8F800973F45 /* Debug */,
				296004B12534A8F800973F45 /* Release */,
			);
			defaultConfigurationIsVisible = 0;
			defaultConfigurationName = Release;
		};
/* End XCConfigurationList section */

/* Begin XCVersionGroup section */
		296004A42534A8F800973F45 /* Guidebook.xcdatamodeld */ = {
			isa = XCVersionGroup;
			children = (
				296004A52534A8F800973F45 /* Guidebook.xcdatamodel */,
			);
			currentVersion = 296004A52534A8F800973F45 /* Guidebook.xcdatamodel */;
			path = Guidebook.xcdatamodeld;
			sourceTree = "<group>";
			versionGroupType = wrapper.xcdatamodel;
		};
/* End XCVersionGroup section */
	};
	rootObject = 296004902534A8F800973F45 /* Project object */;
}
